
Microsoft Visual Studio Solution File, Format Version 12.00
# Visual Studio Version 17
VisualStudioVersion = 17.8.34601.278
MinimumVisualStudioVersion = 10.0.40219.1
Project("{9A19103F-16F7-4668-BE54-9A1E7A4F7556}") = "MovieRecommendationApi", "MovieRecommendationApi\MovieRecommendationApi.csproj", "{7C9AA0E3-6C7D-44CC-879A-446B6300C757}"
EndProject
Project("{FAE04EC0-301F-11D3-BF4B-00C04F79EFBC}") = "MovieConsume", "MovieConsume\MovieConsume.csproj", "{883AEA2A-89CD-41DB-920B-6D69C3A41778}"
EndProject
Global
	GlobalSection(SolutionConfigurationPlatforms) = preSolution
		Debug|Any CPU = Debug|Any CPU
		Release|Any CPU = Release|Any CPU
	EndGlobalSection
	GlobalSection(ProjectConfigurationPlatforms) = postSolution
		{7C9AA0E3-6C7D-44CC-879A-446B6300C757}.Debug|Any CPU.ActiveCfg = Debug|Any CPU
		{7C9AA0E3-6C7D-44CC-879A-446B6300C757}.Debug|Any CPU.Build.0 = Debug|Any CPU
		{7C9AA0E3-6C7D-44CC-879A-446B6300C757}.Release|Any CPU.ActiveCfg = Release|Any CPU
		{7C9AA0E3-6C7D-44CC-879A-446B6300C757}.Release|Any CPU.Build.0 = Release|Any CPU
		{883AEA2A-89CD-41DB-920B-6D69C3A41778}.Debug|Any CPU.ActiveCfg = Debug|Any CPU
		{883AEA2A-89CD-41DB-920B-6D69C3A41778}.Debug|Any CPU.Build.0 = Debug|Any CPU
		{883AEA2A-89CD-41DB-920B-6D69C3A41778}.Release|Any CPU.ActiveCfg = Release|Any CPU
		{883AEA2A-89CD-41DB-920B-6D69C3A41778}.Release|Any CPU.Build.0 = Release|Any CPU
	EndGlobalSection
	GlobalSection(SolutionProperties) = preSolution
		HideSolutionNode = FALSE
	EndGlobalSection
	GlobalSection(ExtensibilityGlobals) = postSolution
		SolutionGuid = {FCC522FA-623B-4A45-91D4-93A632FD0D3E}
	EndGlobalSection
EndGlobal
